
Microsoft Visual Studio Solution File, Format Version 12.00
# Visual Studio Version 16
VisualStudioVersion = 16.0.30011.22
MinimumVisualStudioVersion = 10.0.40219.1
Project("{9A19103F-16F7-4668-BE54-9A1E7A4F7556}") = "BlogIndex", "BlogIndex.csproj", "{56225C17-D8BA-443B-8E04-56A2DE9043AF}"
EndProject
Project("{9A19103F-16F7-4668-BE54-9A1E7A4F7556}") = "BlogIndex.Common", "..\BlogIndex.Common\BlogIndex.Common.csproj", "{8C4A4B78-24A7-4848-AFC8-87246C1A742F}"
EndProject
Project("{FAE04EC0-301F-11D3-BF4B-00C04F79EFBC}") = "BlogIndex.Data", "..\BlogIndex.Data\BlogIndex.Data.csproj", "{B9CC4755-0C8C-40A8-9EF7-3196B72E57EE}"
EndProject
Global
	GlobalSection(SolutionConfigurationPlatforms) = preSolution
		Debug|Any CPU = Debug|Any CPU
		Release|Any CPU = Release|Any CPU
	EndGlobalSection
	GlobalSection(ProjectConfigurationPlatforms) = postSolution
		{56225C17-D8BA-443B-8E04-56A2DE9043AF}.Debug|Any CPU.ActiveCfg = Debug|Any CPU
		{56225C17-D8BA-443B-8E04-56A2DE9043AF}.Debug|Any CPU.Build.0 = Debug|Any CPU
		{56225C17-D8BA-443B-8E04-56A2DE9043AF}.Release|Any CPU.ActiveCfg = Release|Any CPU
		{56225C17-D8BA-443B-8E04-56A2DE9043AF}.Release|Any CPU.Build.0 = Release|Any CPU
		{8C4A4B78-24A7-4848-AFC8-87246C1A742F}.Debug|Any CPU.ActiveCfg = Debug|Any CPU
		{8C4A4B78-24A7-4848-AFC8-87246C1A742F}.Debug|Any CPU.Build.0 = Debug|Any CPU
		{8C4A4B78-24A7-4848-AFC8-87246C1A742F}.Release|Any CPU.ActiveCfg = Release|Any CPU
		{8C4A4B78-24A7-4848-AFC8-87246C1A742F}.Release|Any CPU.Build.0 = Release|Any CPU
		{B9CC4755-0C8C-40A8-9EF7-3196B72E57EE}.Debug|Any CPU.ActiveCfg = Debug|Any CPU
		{B9CC4755-0C8C-40A8-9EF7-3196B72E57EE}.Debug|Any CPU.Build.0 = Debug|Any CPU
		{B9CC4755-0C8C-40A8-9EF7-3196B72E57EE}.Release|Any CPU.ActiveCfg = Release|Any CPU
		{B9CC4755-0C8C-40A8-9EF7-3196B72E57EE}.Release|Any CPU.Build.0 = Release|Any CPU
	EndGlobalSection
	GlobalSection(SolutionProperties) = preSolution
		HideSolutionNode = FALSE
	EndGlobalSection
	GlobalSection(ExtensibilityGlobals) = postSolution
		SolutionGuid = {5246D42E-1589-4F2B-A444-5BD8BF0BE89A}
	EndGlobalSection
EndGlobal
